
Microsoft Visual Studio Solution File, Format Version 12.00
# Visual Studio Version 16
VisualStudioVersion = 16.0.30709.132
MinimumVisualStudioVersion = 10.0.40219.1
Project("{FAE04EC0-301F-11D3-BF4B-00C04F79EFBC}") = "CRM_University", "CRM_University\CRM_University.csproj", "{06B063A1-1A96-4BCD-9FC5-23DC4FF1D4BD}"
EndProject
Global
	GlobalSection(SolutionConfigurationPlatforms) = preSolution
		Debug|Any CPU = Debug|Any CPU
		Release|Any CPU = Release|Any CPU
	EndGlobalSection
	GlobalSection(ProjectConfigurationPlatforms) = postSolution
		{06B063A1-1A96-4BCD-9FC5-23DC4FF1D4BD}.Debug|Any CPU.ActiveCfg = Debug|Any CPU
		{06B063A1-1A96-4BCD-9FC5-23DC4FF1D4BD}.Debug|Any CPU.Build.0 = Debug|Any CPU
		{06B063A1-1A96-4BCD-9FC5-23DC4FF1D4BD}.Release|Any CPU.ActiveCfg = Release|Any CPU
		{06B063A1-1A96-4BCD-9FC5-23DC4FF1D4BD}.Release|Any CPU.Build.0 = Release|Any CPU
	EndGlobalSection
	GlobalSection(SolutionProperties) = preSolution
		HideSolutionNode = FALSE
	EndGlobalSection
	GlobalSection(ExtensibilityGlobals) = postSolution
		SolutionGuid = {51ED1CC2-8BB6-4E27-9F17-75C25CF80AF0}
	EndGlobalSection
EndGlobal
